// !$*UTF8*$!
{
	archiveVersion = 1;
	classes = {
	};
	objectVersion = 48;
	objects = {

/* Begin PBXBuildFile section */
		8A408B861FEE6F730065342A /* AppDelegate.swift in Sources */ = {isa = PBXBuildFile; fileRef = 8A408B851FEE6F730065342A /* AppDelegate.swift */; };
		8A408B8B1FEE6F730065342A /* Main.storyboard in Resources */ = {isa = PBXBuildFile; fileRef = 8A408B891FEE6F730065342A /* Main.storyboard */; };
		8A408B8D1FEE6F730065342A /* Assets.xcassets in Resources */ = {isa = PBXBuildFile; fileRef = 8A408B8C1FEE6F730065342A /* Assets.xcassets */; };
		8A408B901FEE6F730065342A /* LaunchScreen.storyboard in Resources */ = {isa = PBXBuildFile; fileRef = 8A408B8E1FEE6F730065342A /* LaunchScreen.storyboard */; };
		8A408B981FEE6F980065342A /* GrindListViewController.swift in Sources */ = {isa = PBXBuildFile; fileRef = 8A408B971FEE6F980065342A /* GrindListViewController.swift */; };
		8A408B9A1FEE72760065342A /* GrindListCell.swift in Sources */ = {isa = PBXBuildFile; fileRef = 8A408B991FEE72760065342A /* GrindListCell.swift */; };
		8A408B9C1FEE73BE0065342A /* Grind.swift in Sources */ = {isa = PBXBuildFile; fileRef = 8A408B9B1FEE73BE0065342A /* Grind.swift */; };
		8ACE0C871FEE88A4000E4539 /* DetailViewController.swift in Sources */ = {isa = PBXBuildFile; fileRef = 8ACE0C861FEE88A4000E4539 /* DetailViewController.swift */; };
/* End PBXBuildFile section */

/* Begin PBXFileReference section */
		8A408B821FEE6F730065342A /* tableViewPractice.app */ = {isa = PBXFileReference; explicitFileType = wrapper.application; includeInIndex = 0; path = tableViewPractice.app; sourceTree = BUILT_PRODUCTS_DIR; };
		8A408B851FEE6F730065342A /* AppDelegate.swift */ = {isa = PBXFileReference; lastKnownFileType = sourcecode.swift; path = AppDelegate.swift; sourceTree = "<group>"; };
		8A408B8A1FEE6F730065342A /* Base */ = {isa = PBXFileReference; lastKnownFileType = file.storyboard; name = Base; path = Base.lproj/Main.storyboard; sourceTree = "<group>"; };
		8A408B8C1FEE6F730065342A /* Assets.xcassets */ = {isa = PBXFileReference; lastKnownFileType = folder.assetcatalog; path = Assets.xcassets; sourceTree = "<group>"; };
		8A408B8F1FEE6F730065342A /* Base */ = {isa = PBXFileReference; lastKnownFileType = file.storyboard; name = Base; path = Base.lproj/LaunchScreen.storyboard; sourceTree = "<group>"; };
		8A408B911FEE6F730065342A /* Info.plist */ = {isa = PBXFileReference; lastKnownFileType = text.plist.xml; path = Info.plist; sourceTree = "<group>"; };
		8A408B971FEE6F980065342A /* GrindListViewController.swift */ = {isa = PBXFileReference; lastKnownFileType = sourcecode.swift; path = GrindListViewController.swift; sourceTree = "<group>"; };
		8A408B991FEE72760065342A /* GrindListCell.swift */ = {isa = PBXFileReference; lastKnownFileType = sourcecode.swift; path = GrindListCell.swift; sourceTree = "<group>"; };
		8A408B9B1FEE73BE0065342A /* Grind.swift */ = {isa = PBXFileReference; lastKnownFileType = sourcecode.swift; path = Grind.swift; sourceTree = "<group>"; };
		8ACE0C861FEE88A4000E4539 /* DetailViewController.swift */ = {isa = PBXFileReference; lastKnownFileType = sourcecode.swift; path = DetailViewController.swift; sourceTree = "<group>"; };
/* End PBXFileReference section */

/* Begin PBXFrameworksBuildPhase section */
		8A408B7F1FEE6F730065342A /* Frameworks */ = {
			isa = PBXFrameworksBuildPhase;
			buildActionMask = 2147483647;
			files = (
			);
			runOnlyForDeploymentPostprocessing = 0;
		};
/* End PBXFrameworksBuildPhase section */

/* Begin PBXGroup section */
		8A408B791FEE6F730065342A = {
			isa = PBXGroup;
			children = (
				8A408B841FEE6F730065342A /* tableViewPractice */,
				8A408B831FEE6F730065342A /* Products */,
			);
			sourceTree = "<group>";
		};
		8A408B831FEE6F730065342A /* Products */ = {
			isa = PBXGroup;
			children = (
				8A408B821FEE6F730065342A /* tableViewPractice.app */,
			);
			name = Products;
			sourceTree = "<group>";
		};
		8A408B841FEE6F730065342A /* tableViewPractice */ = {
			isa = PBXGroup;
			children = (
				8A408B851FEE6F730065342A /* AppDelegate.swift */,
				8A408B971FEE6F980065342A /* GrindListViewController.swift */,
				8A408B991FEE72760065342A /* GrindListCell.swift */,
				8A408B9B1FEE73BE0065342A /* Grind.swift */,
				8ACE0C861FEE88A4000E4539 /* DetailViewController.swift */,
				8A408B891FEE6F730065342A /* Main.storyboard */,
				8A408B8C1FEE6F730065342A /* Assets.xcassets */,
				8A408B8E1FEE6F730065342A /* LaunchScreen.storyboard */,
				8A408B911FEE6F730065342A /* Info.plist */,
			);
			path = tableViewPractice;
			sourceTree = "<group>";
		};
/* End PBXGroup section */

/* Begin PBXNativeTarget section */
		8A408B811FEE6F730065342A /* tableViewPractice */ = {
			isa = PBXNativeTarget;
			buildConfigurationList = 8A408B941FEE6F730065342A /* Build configuration list for PBXNativeTarget "tableViewPractice" */;
			buildPhases = (
				8A408B7E1FEE6F730065342A /* Sources */,
				8A408B7F1FEE6F730065342A /* Frameworks */,
				8A408B801FEE6F730065342A /* Resources */,
			);
			buildRules = (
			);
			dependencies = (
			);
			name = tableViewPractice;
			productName = tableViewPractice;
			productReference = 8A408B821FEE6F730065342A /* tableViewPractice.app */;
			productType = "com.apple.product-type.application";
		};
/* End PBXNativeTarget section */

/* Begin PBXProject section */
		8A408B7A1FEE6F730065342A /* Project object */ = {
			isa = PBXProject;
			attributes = {
				LastSwiftUpdateCheck = 0920;
				LastUpgradeCheck = 0920;
				ORGANIZATIONNAME = "Andrew Tuzson";
				TargetAttributes = {
					8A408B811FEE6F730065342A = {
						CreatedOnToolsVersion = 9.2;
						ProvisioningStyle = Automatic;
					};
				};
			};
			buildConfigurationList = 8A408B7D1FEE6F730065342A /* Build configuration list for PBXProject "tableViewPractice" */;
			compatibilityVersion = "Xcode 8.0";
			developmentRegion = en;
			hasScannedForEncodings = 0;
			knownRegions = (
				en,
				Base,
			);
			mainGroup = 8A408B791FEE6F730065342A;
			productRefGroup = 8A408B831FEE6F730065342A /* Products */;
			projectDirPath = "";
			projectRoot = "";
			targets = (
				8A408B811FEE6F730065342A /* tableViewPractice */,
			);
		};
/* End PBXProject section */

/* Begin PBXResourcesBuildPhase section */
		8A408B801FEE6F730065342A /* Resources */ = {
			isa = PBXResourcesBuildPhase;
			buildActionMask = 2147483647;
			files = (
				8A408B901FEE6F730065342A /* LaunchScreen.storyboard in Resources */,
				8A408B8D1FEE6F730065342A /* Assets.xcassets in Resources */,
				8A408B8B1FEE6F730065342A /* Main.storyboard in Resources */,
			);
			runOnlyForDeploymentPostprocessing = 0;
		};
/* End PBXResourcesBuildPhase section */

/* Begin PBXSourcesBuildPhase section */
		8A408B7E1FEE6F730065342A /* Sources */ = {
			isa = PBXSourcesBuildPhase;
			buildActionMask = 2147483647;
			files = (
				8A408B861FEE6F730065342A /* AppDelegate.swift in Sources */,
				8A408B9A1FEE72760065342A /* GrindListCell.swift in Sources */,
				8ACE0C871FEE88A4000E4539 /* DetailViewController.swift in Sources */,
				8A408B9C1FEE73BE0065342A /* Grind.swift in Sources */,
				8A408B981FEE6F980065342A /* GrindListViewController.swift in Sources */,
			);
			runOnlyForDeploymentPostprocessing = 0;
		};
/* End PBXSourcesBuildPhase section */

/* Begin PBXVariantGroup section */
		8A408B891FEE6F730065342A /* Main.storyboard */ = {
			isa = PBXVariantGroup;
			children = (
				8A408B8A1FEE6F730065342A /* Base */,
			);
			name = Main.storyboard;
			sourceTree = "<group>";
		};
		8A408B8E1FEE6F730065342A /* LaunchScreen.storyboard */ = {
			isa = PBXVariantGroup;
			children = (
				8A408B8F1FEE6F730065342A /* Base */,
			);
			name = LaunchScreen.storyboard;
			sourceTree = "<group>";
		};
/* End PBXVariantGroup section */

/* Begin XCBuildConfiguration section */
		8A408B921FEE6F730065342A /* Debug */ = {
			isa = XCBuildConfiguration;
			buildSettings = {
				ALWAYS_SEARCH_USER_PATHS = NO;
				CLANG_ANALYZER_NONNULL = YES;
				CLANG_ANALYZER_NUMBER_OBJECT_CONVERSION = YES_AGGRESSIVE;
				CLANG_CXX_LANGUAGE_STANDARD = "gnu++14";
				CLANG_CXX_LIBRARY = "libc++";
				CLANG_ENABLE_MODULES = YES;
				CLANG_ENABLE_OBJC_ARC = YES;
				CLANG_WARN_BLOCK_CAPTURE_AUTORELEASING = YES;
				CLANG_WARN_BOOL_CONVERSION = YES;
				CLANG_WARN_COMMA = YES;
				CLANG_WARN_CONSTANT_CONVERSION = YES;
				CLANG_WARN_DIRECT_OBJC_ISA_USAGE = YES_ERROR;
				CLANG_WARN_DOCUMENTATION_COMMENTS = YES;
				CLANG_WARN_EMPTY_BODY = YES;
				CLANG_WARN_ENUM_CONVERSION = YES;
				CLANG_WARN_INFINITE_RECURSION = YES;
				CLANG_WARN_INT_CONVERSION = YES;
				CLANG_WARN_NON_LITERAL_NULL_CONVERSION = YES;
				CLANG_WARN_OBJC_LITERAL_CONVERSION = YES;
				CLANG_WARN_OBJC_ROOT_CLASS = YES_ERROR;
				CLANG_WARN_RANGE_LOOP_ANALYSIS = YES;
				CLANG_WARN_STRICT_PROTOTYPES = YES;
				CLANG_WARN_SUSPICIOUS_MOVE = YES;
				CLANG_WARN_UNGUARDED_AVAILABILITY = YES_AGGRESSIVE;
				CLANG_WARN_UNREACHABLE_CODE = YES;
				CLANG_WARN__DUPLICATE_METHOD_MATCH = YES;
				CODE_SIGN_IDENTITY = "iPhone Developer";
				COPY_PHASE_STRIP = NO;
				DEBUG_INFORMATION_FORMAT = dwarf;
				ENABLE_STRICT_OBJC_MSGSEND = YES;
				ENABLE_TESTABILITY = YES;
				GCC_C_LANGUAGE_STANDARD = gnu11;
				GCC_DYNAMIC_NO_PIC = NO;
				GCC_NO_COMMON_BLOCKS = YES;
				GCC_OPTIMIZATION_LEVEL = 0;
				GCC_PREPROCESSOR_DEFINITIONS = (
					"DEBUG=1",
					"$(inherited)",
				);
				GCC_WARN_64_TO_32_BIT_CONVERSION = YES;
				GCC_WARN_ABOUT_RETURN_TYPE = YES_ERROR;
				GCC_WARN_UNDECLARED_SELECTOR = YES;
				GCC_WARN_UNINITIALIZED_AUTOS = YES_AGGRESSIVE;
				GCC_WARN_UNUSED_FUNCTION = YES;
				GCC_WARN_UNUSED_VARIABLE = YES;
				IPHONEOS_DEPLOYMENT_TARGET = 11.2;
				MTL_ENABLE_DEBUG_INFO = YES;
				ONLY_ACTIVE_ARCH = YES;
				SDKROOT = iphoneos;
				SWIFT_ACTIVE_COMPILATION_CONDITIONS = DEBUG;
				SWIFT_OPTIMIZATION_LEVEL = "-Onone";
			};
			name = Debug;
		};
		8A408B931FEE6F730065342A /* Release */ = {
			isa = XCBuildConfiguration;
			buildSettings = {
				ALWAYS_SEARCH_USER_PATHS = NO;
				CLANG_ANALYZER_NONNULL = YES;
				CLANG_ANALYZER_NUMBER_OBJECT_CONVERSION = YES_AGGRESSIVE;
				CLANG_CXX_LANGUAGE_STANDARD = "gnu++14";
				CLANG_CXX_LIBRARY = "libc++";
				CLANG_ENABLE_MODULES = YES;
				CLANG_ENABLE_OBJC_ARC = YES;
				CLANG_WARN_BLOCK_CAPTURE_AUTORELEASING = YES;
				CLANG_WARN_BOOL_CONVERSION = YES;
				CLANG_WARN_COMMA = YES;
				CLANG_WARN_CONSTANT_CONVERSION = YES;
				CLANG_WARN_DIRECT_OBJC_ISA_USAGE = YES_ERROR;
				CLANG_WARN_DOCUMENTATION_COMMENTS = YES;
				CLANG_WARN_EMPTY_BODY = YES;
				CLANG_WARN_ENUM_CONVERSION = YES;
				CLANG_WARN_INFINITE_RECURSION = YES;
				CLANG_WARN_INT_CONVERSION = YES;
				CLANG_WARN_NON_LITERAL_NULL_CONVERSION = YES;
				CLANG_WARN_OBJC_LITERAL_CONVERSION = YES;
				CLANG_WARN_OBJC_ROOT_CLASS = YES_ERROR;
				CLANG_WARN_RANGE_LOOP_ANALYSIS = YES;
				CLANG_WARN_STRICT_PROTOTYPES = YES;
				CLANG_WARN_SUSPICIOUS_MOVE = YES;
				CLANG_WARN_UNGUARDED_AVAILABILITY = YES_AGGRESSIVE;
				CLANG_WARN_UNREACHABLE_CODE = YES;
				CLANG_WARN__DUPLICATE_METHOD_MATCH = YES;
				CODE_SIGN_IDENTITY = "iPhone Developer";
				COPY_PHASE_STRIP = NO;
				DEBUG_INFORMATION_FORMAT = "dwarf-with-dsym";
				ENABLE_NS_ASSERTIONS = NO;
				ENABLE_STRICT_OBJC_MSGSEND = YES;
				GCC_C_LANGUAGE_STANDARD = gnu11;
				GCC_NO_COMMON_BLOCKS = YES;
				GCC_WARN_64_TO_32_BIT_CONVERSION = YES;
				GCC_WARN_ABOUT_RETURN_TYPE = YES_ERROR;
				GCC_WARN_UNDECLARED_SELECTOR = YES;
				GCC_WARN_UNINITIALIZED_AUTOS = YES_AGGRESSIVE;
				GCC_WARN_UNUSED_FUNCTION = YES;
				GCC_WARN_UNUSED_VARIABLE = YES;
				IPHONEOS_DEPLOYMENT_TARGET = 11.2;
				MTL_ENABLE_DEBUG_INFO = NO;
				SDKROOT = iphoneos;
				SWIFT_OPTIMIZATION_LEVEL = "-Owholemodule";
				VALIDATE_PRODUCT = YES;
			};
			name = Release;
		};
		8A408B951FEE6F730065342A /* Debug */ = {
			isa = XCBuildConfiguration;
			buildSettings = {
				ASSETCATALOG_COMPILER_APPICON_NAME = AppIcon;
				CODE_SIGN_STYLE = Automatic;
				INFOPLIST_FILE = tableViewPractice/Info.plist;
				LD_RUNPATH_SEARCH_PATHS = "$(inherited) @executable_path/Frameworks";
				PRODUCT_BUNDLE_IDENTIFIER = com.evolempirecreative.tableViewPractice;
				PRODUCT_NAME = "$(TARGET_NAME)";
				SWIFT_VERSION = 4.0;
				TARGETED_DEVICE_FAMILY = "1,2";
			};
			name = Debug;
		};
		8A408B961FEE6F730065342A /* Release */ = {
			isa = XCBuildConfiguration;
			buildSettings = {
				ASSETCATALOG_COMPILER_APPICON_NAME = AppIcon;
				CODE_SIGN_STYLE = Automatic;
				INFOPLIST_FILE = tableViewPractice/Info.plist;
				LD_RUNPATH_SEARCH_PATHS = "$(inherited) @executable_path/Frameworks";
				PRODUCT_BUNDLE_IDENTIFIER = com.evolempirecreative.tableViewPractice;
				PRODUCT_NAME = "$(TARGET_NAME)";
				SWIFT_VERSION = 4.0;
				TARGETED_DEVICE_FAMILY = "1,2";
			};
			name = Release;
		};
/* End XCBuildConfiguration section */

/* Begin XCConfigurationList section */
		8A408B7D1FEE6F730065342A /* Build configuration list for PBXProject "tableViewPractice" */ = {
			isa = XCConfigurationList;
			buildConfigurations = (
				8A408B921FEE6F730065342A /* Debug */,
				8A408B931FEE6F730065342A /* Release */,
			);
			defaultConfigurationIsVisible = 0;
			defaultConfigurationName = Release;
		};
		8A408B941FEE6F730065342A /* Build configuration list for PBXNativeTarget "tableViewPractice" */ = {
			isa = XCConfigurationList;
			buildConfigurations = (
				8A408B951FEE6F730065342A /* Debug */,
				8A408B961FEE6F730065342A /* Release */,
			);
			defaultConfigurationIsVisible = 0;
			defaultConfigurationName = Release;
		};
/* End XCConfigurationList section */
	};
	rootObject = 8A408B7A1FEE6F730065342A /* Project object */;
}
